// !$*UTF8*$!
{
	archiveVersion = 1;
	classes = {
	};
	objectVersion = 46;
	objects = {

/* Begin PBXBuildFile section */
		8BED93FF1CC3A8E900FA05E9 /* AppDelegate.swift in Sources */ = {isa = PBXBuildFile; fileRef = 8BED93FE1CC3A8E900FA05E9 /* AppDelegate.swift */; };
		8BED94011CC3A8E900FA05E9 /* ViewController.swift in Sources */ = {isa = PBXBuildFile; fileRef = 8BED94001CC3A8E900FA05E9 /* ViewController.swift */; };
		8BED94041CC3A8EA00FA05E9 /* Main.storyboard in Resources */ = {isa = PBXBuildFile; fileRef = 8BED94021CC3A8EA00FA05E9 /* Main.storyboard */; };
		8BED94061CC3A8EA00FA05E9 /* Assets.xcassets in Resources */ = {isa = PBXBuildFile; fileRef = 8BED94051CC3A8EA00FA05E9 /* Assets.xcassets */; };
		8BED94091CC3A8EA00FA05E9 /* LaunchScreen.storyboard in Resources */ = {isa = PBXBuildFile; fileRef = 8BED94071CC3A8EA00FA05E9 /* LaunchScreen.storyboard */; };
		8BED94141CC3A8EA00FA05E9 /* SampleHealthKitAppTests.swift in Sources */ = {isa = PBXBuildFile; fileRef = 8BED94131CC3A8EA00FA05E9 /* SampleHealthKitAppTests.swift */; };
		8BED941F1CC3A8EA00FA05E9 /* SampleHealthKitAppUITests.swift in Sources */ = {isa = PBXBuildFile; fileRef = 8BED941E1CC3A8EA00FA05E9 /* SampleHealthKitAppUITests.swift */; };
/* End PBXBuildFile section */

/* Begin PBXContainerItemProxy section */
		8BED94101CC3A8EA00FA05E9 /* PBXContainerItemProxy */ = {
			isa = PBXContainerItemProxy;
			containerPortal = 8BED93F31CC3A8E900FA05E9 /* Project object */;
			proxyType = 1;
			remoteGlobalIDString = 8BED93FA1CC3A8E900FA05E9;
			remoteInfo = SampleHealthKitApp;
		};
		8BED941B1CC3A8EA00FA05E9 /* PBXContainerItemProxy */ = {
			isa = PBXContainerItemProxy;
			containerPortal = 8BED93F31CC3A8E900FA05E9 /* Project object */;
			proxyType = 1;
			remoteGlobalIDString = 8BED93FA1CC3A8E900FA05E9;
			remoteInfo = SampleHealthKitApp;
		};
/* End PBXContainerItemProxy section */

/* Begin PBXFileReference section */
		8BED93FB1CC3A8E900FA05E9 /* SampleHealthKitApp.app */ = {isa = PBXFileReference; explicitFileType = wrapper.application; includeInIndex = 0; path = SampleHealthKitApp.app; sourceTree = BUILT_PRODUCTS_DIR; };
		8BED93FE1CC3A8E900FA05E9 /* AppDelegate.swift */ = {isa = PBXFileReference; lastKnownFileType = sourcecode.swift; path = AppDelegate.swift; sourceTree = "<group>"; };
		8BED94001CC3A8E900FA05E9 /* ViewController.swift */ = {isa = PBXFileReference; lastKnownFileType = sourcecode.swift; path = ViewController.swift; sourceTree = "<group>"; };
		8BED94031CC3A8EA00FA05E9 /* Base */ = {isa = PBXFileReference; lastKnownFileType = file.storyboard; name = Base; path = Base.lproj/Main.storyboard; sourceTree = "<group>"; };
		8BED94051CC3A8EA00FA05E9 /* Assets.xcassets */ = {isa = PBXFileReference; lastKnownFileType = folder.assetcatalog; path = Assets.xcassets; sourceTree = "<group>"; };
		8BED94081CC3A8EA00FA05E9 /* Base */ = {isa = PBXFileReference; lastKnownFileType = file.storyboard; name = Base; path = Base.lproj/LaunchScreen.storyboard; sourceTree = "<group>"; };
		8BED940A1CC3A8EA00FA05E9 /* Info.plist */ = {isa = PBXFileReference; lastKnownFileType = text.plist.xml; path = Info.plist; sourceTree = "<group>"; };
		8BED940F1CC3A8EA00FA05E9 /* SampleHealthKitAppTests.xctest */ = {isa = PBXFileReference; explicitFileType = wrapper.cfbundle; includeInIndex = 0; path = SampleHealthKitAppTests.xctest; sourceTree = BUILT_PRODUCTS_DIR; };
		8BED94131CC3A8EA00FA05E9 /* SampleHealthKitAppTests.swift */ = {isa = PBXFileReference; lastKnownFileType = sourcecode.swift; path = SampleHealthKitAppTests.swift; sourceTree = "<group>"; };
		8BED94151CC3A8EA00FA05E9 /* Info.plist */ = {isa = PBXFileReference; lastKnownFileType = text.plist.xml; path = Info.plist; sourceTree = "<group>"; };
		8BED941A1CC3A8EA00FA05E9 /* SampleHealthKitAppUITests.xctest */ = {isa = PBXFileReference; explicitFileType = wrapper.cfbundle; includeInIndex = 0; path = SampleHealthKitAppUITests.xctest; sourceTree = BUILT_PRODUCTS_DIR; };
		8BED941E1CC3A8EA00FA05E9 /* SampleHealthKitAppUITests.swift */ = {isa = PBXFileReference; lastKnownFileType = sourcecode.swift; path = SampleHealthKitAppUITests.swift; sourceTree = "<group>"; };
		8BED94201CC3A8EA00FA05E9 /* Info.plist */ = {isa = PBXFileReference; lastKnownFileType = text.plist.xml; path = Info.plist; sourceTree = "<group>"; };
/* End PBXFileReference section */

/* Begin PBXFrameworksBuildPhase section */
		8BED93F81CC3A8E900FA05E9 /* Frameworks */ = {
			isa = PBXFrameworksBuildPhase;
			buildActionMask = 2147483647;
			files = (
			);
			runOnlyForDeploymentPostprocessing = 0;
		};
		8BED940C1CC3A8EA00FA05E9 /* Frameworks */ = {
			isa = PBXFrameworksBuildPhase;
			buildActionMask = 2147483647;
			files = (
			);
			runOnlyForDeploymentPostprocessing = 0;
		};
		8BED94171CC3A8EA00FA05E9 /* Frameworks */ = {
			isa = PBXFrameworksBuildPhase;
			buildActionMask = 2147483647;
			files = (
			);
			runOnlyForDeploymentPostprocessing = 0;
		};
/* End PBXFrameworksBuildPhase section */

/* Begin PBXGroup section */
		8BED93F21CC3A8E900FA05E9 = {
			isa = PBXGroup;
			children = (
				8BED93FD1CC3A8E900FA05E9 /* SampleHealthKitApp */,
				8BED94121CC3A8EA00FA05E9 /* SampleHealthKitAppTests */,
				8BED941D1CC3A8EA00FA05E9 /* SampleHealthKitAppUITests */,
				8BED93FC1CC3A8E900FA05E9 /* Products */,
			);
			sourceTree = "<group>";
		};
		8BED93FC1CC3A8E900FA05E9 /* Products */ = {
			isa = PBXGroup;
			children = (
				8BED93FB1CC3A8E900FA05E9 /* SampleHealthKitApp.app */,
				8BED940F1CC3A8EA00FA05E9 /* SampleHealthKitAppTests.xctest */,
				8BED941A1CC3A8EA00FA05E9 /* SampleHealthKitAppUITests.xctest */,
			);
			name = Products;
			sourceTree = "<group>";
		};
		8BED93FD1CC3A8E900FA05E9 /* SampleHealthKitApp */ = {
			isa = PBXGroup;
			children = (
				8BED93FE1CC3A8E900FA05E9 /* AppDelegate.swift */,
				8BED94001CC3A8E900FA05E9 /* ViewController.swift */,
				8BED94021CC3A8EA00FA05E9 /* Main.storyboard */,
				8BED94051CC3A8EA00FA05E9 /* Assets.xcassets */,
				8BED94071CC3A8EA00FA05E9 /* LaunchScreen.storyboard */,
				8BED940A1CC3A8EA00FA05E9 /* Info.plist */,
			);
			path = SampleHealthKitApp;
			sourceTree = "<group>";
		};
		8BED94121CC3A8EA00FA05E9 /* SampleHealthKitAppTests */ = {
			isa = PBXGroup;
			children = (
				8BED94131CC3A8EA00FA05E9 /* SampleHealthKitAppTests.swift */,
				8BED94151CC3A8EA00FA05E9 /* Info.plist */,
			);
			path = SampleHealthKitAppTests;
			sourceTree = "<group>";
		};
		8BED941D1CC3A8EA00FA05E9 /* SampleHealthKitAppUITests */ = {
			isa = PBXGroup;
			children = (
				8BED941E1CC3A8EA00FA05E9 /* SampleHealthKitAppUITests.swift */,
				8BED94201CC3A8EA00FA05E9 /* Info.plist */,
			);
			path = SampleHealthKitAppUITests;
			sourceTree = "<group>";
		};
/* End PBXGroup section */

/* Begin PBXNativeTarget section */
		8BED93FA1CC3A8E900FA05E9 /* SampleHealthKitApp */ = {
			isa = PBXNativeTarget;
			buildConfigurationList = 8BED94231CC3A8EA00FA05E9 /* Build configuration list for PBXNativeTarget "SampleHealthKitApp" */;
			buildPhases = (
				8BED93F71CC3A8E900FA05E9 /* Sources */,
				8BED93F81CC3A8E900FA05E9 /* Frameworks */,
				8BED93F91CC3A8E900FA05E9 /* Resources */,
			);
			buildRules = (
			);
			dependencies = (
			);
			name = SampleHealthKitApp;
			productName = SampleHealthKitApp;
			productReference = 8BED93FB1CC3A8E900FA05E9 /* SampleHealthKitApp.app */;
			productType = "com.apple.product-type.application";
		};
		8BED940E1CC3A8EA00FA05E9 /* SampleHealthKitAppTests */ = {
			isa = PBXNativeTarget;
			buildConfigurationList = 8BED94261CC3A8EA00FA05E9 /* Build configuration list for PBXNativeTarget "SampleHealthKitAppTests" */;
			buildPhases = (
				8BED940B1CC3A8EA00FA05E9 /* Sources */,
				8BED940C1CC3A8EA00FA05E9 /* Frameworks */,
				8BED940D1CC3A8EA00FA05E9 /* Resources */,
			);
			buildRules = (
			);
			dependencies = (
				8BED94111CC3A8EA00FA05E9 /* PBXTargetDependency */,
			);
			name = SampleHealthKitAppTests;
			productName = SampleHealthKitAppTests;
			productReference = 8BED940F1CC3A8EA00FA05E9 /* SampleHealthKitAppTests.xctest */;
			productType = "com.apple.product-type.bundle.unit-test";
		};
		8BED94191CC3A8EA00FA05E9 /* SampleHealthKitAppUITests */ = {
			isa = PBXNativeTarget;
			buildConfigurationList = 8BED94291CC3A8EA00FA05E9 /* Build configuration list for PBXNativeTarget "SampleHealthKitAppUITests" */;
			buildPhases = (
				8BED94161CC3A8EA00FA05E9 /* Sources */,
				8BED94171CC3A8EA00FA05E9 /* Frameworks */,
				8BED94181CC3A8EA00FA05E9 /* Resources */,
			);
			buildRules = (
			);
			dependencies = (
				8BED941C1CC3A8EA00FA05E9 /* PBXTargetDependency */,
			);
			name = SampleHealthKitAppUITests;
			productName = SampleHealthKitAppUITests;
			productReference = 8BED941A1CC3A8EA00FA05E9 /* SampleHealthKitAppUITests.xctest */;
			productType = "com.apple.product-type.bundle.ui-testing";
		};
/* End PBXNativeTarget section */

/* Begin PBXProject section */
		8BED93F31CC3A8E900FA05E9 /* Project object */ = {
			isa = PBXProject;
			attributes = {
				LastSwiftUpdateCheck = 0730;
				LastUpgradeCheck = 0730;
				ORGANIZATIONNAME = yoshinori;
				TargetAttributes = {
					8BED93FA1CC3A8E900FA05E9 = {
						CreatedOnToolsVersion = 7.3;
						DevelopmentTeam = 6WFKUJRXCU;
					};
					8BED940E1CC3A8EA00FA05E9 = {
						CreatedOnToolsVersion = 7.3;
						DevelopmentTeam = 6WFKUJRXCU;
						TestTargetID = 8BED93FA1CC3A8E900FA05E9;
					};
					8BED94191CC3A8EA00FA05E9 = {
						CreatedOnToolsVersion = 7.3;
						DevelopmentTeam = 6WFKUJRXCU;
						TestTargetID = 8BED93FA1CC3A8E900FA05E9;
					};
				};
			};
			buildConfigurationList = 8BED93F61CC3A8E900FA05E9 /* Build configuration list for PBXProject "SampleHealthKitApp" */;
			compatibilityVersion = "Xcode 3.2";
			developmentRegion = English;
			hasScannedForEncodings = 0;
			knownRegions = (
				en,
				Base,
			);
			mainGroup = 8BED93F21CC3A8E900FA05E9;
			productRefGroup = 8BED93FC1CC3A8E900FA05E9 /* Products */;
			projectDirPath = "";
			projectRoot = "";
			targets = (
				8BED93FA1CC3A8E900FA05E9 /* SampleHealthKitApp */,
				8BED940E1CC3A8EA00FA05E9 /* SampleHealthKitAppTests */,
				8BED94191CC3A8EA00FA05E9 /* SampleHealthKitAppUITests */,
			);
		};
/* End PBXProject section */

/* Begin PBXResourcesBuildPhase section */
		8BED93F91CC3A8E900FA05E9 /* Resources */ = {
			isa = PBXResourcesBuildPhase;
			buildActionMask = 2147483647;
			files = (
				8BED94091CC3A8EA00FA05E9 /* LaunchScreen.storyboard in Resources */,
				8BED94061CC3A8EA00FA05E9 /* Assets.xcassets in Resources */,
				8BED94041CC3A8EA00FA05E9 /* Main.storyboard in Resources */,
			);
			runOnlyForDeploymentPostprocessing = 0;
		};
		8BED940D1CC3A8EA00FA05E9 /* Resources */ = {
			isa = PBXResourcesBuildPhase;
			buildActionMask = 2147483647;
			files = (
			);
			runOnlyForDeploymentPostprocessing = 0;
		};
		8BED94181CC3A8EA00FA05E9 /* Resources */ = {
			isa = PBXResourcesBuildPhase;
			buildActionMask = 2147483647;
			files = (
			);
			runOnlyForDeploymentPostprocessing = 0;
		};
/* End PBXResourcesBuildPhase section */

/* Begin PBXSourcesBuildPhase section */
		8BED93F71CC3A8E900FA05E9 /* Sources */ = {
			isa = PBXSourcesBuildPhase;
			buildActionMask = 2147483647;
			files = (
				8BED94011CC3A8E900FA05E9 /* ViewController.swift in Sources */,
				8BED93FF1CC3A8E900FA05E9 /* AppDelegate.swift in Sources */,
			);
			runOnlyForDeploymentPostprocessing = 0;
		};
		8BED940B1CC3A8EA00FA05E9 /* Sources */ = {
			isa = PBXSourcesBuildPhase;
			buildActionMask = 2147483647;
			files = (
				8BED94141CC3A8EA00FA05E9 /* SampleHealthKitAppTests.swift in Sources */,
			);
			runOnlyForDeploymentPostprocessing = 0;
		};
		8BED94161CC3A8EA00FA05E9 /* Sources */ = {
			isa = PBXSourcesBuildPhase;
			buildActionMask = 2147483647;
			files = (
				8BED941F1CC3A8EA00FA05E9 /* SampleHealthKitAppUITests.swift in Sources */,
			);
			runOnlyForDeploymentPostprocessing = 0;
		};
/* End PBXSourcesBuildPhase section */

/* Begin PBXTargetDependency section */
		8BED94111CC3A8EA00FA05E9 /* PBXTargetDependency */ = {
			isa = PBXTargetDependency;
			target = 8BED93FA1CC3A8E900FA05E9 /* SampleHealthKitApp */;
			targetProxy = 8BED94101CC3A8EA00FA05E9 /* PBXContainerItemProxy */;
		};
		8BED941C1CC3A8EA00FA05E9 /* PBXTargetDependency */ = {
			isa = PBXTargetDependency;
			target = 8BED93FA1CC3A8E900FA05E9 /* SampleHealthKitApp */;
			targetProxy = 8BED941B1CC3A8EA00FA05E9 /* PBXContainerItemProxy */;
		};
/* End PBXTargetDependency section */

/* Begin PBXVariantGroup section */
		8BED94021CC3A8EA00FA05E9 /* Main.storyboard */ = {
			isa = PBXVariantGroup;
			children = (
				8BED94031CC3A8EA00FA05E9 /* Base */,
			);
			name = Main.storyboard;
			sourceTree = "<group>";
		};
		8BED94071CC3A8EA00FA05E9 /* LaunchScreen.storyboard */ = {
			isa = PBXVariantGroup;
			children = (
				8BED94081CC3A8EA00FA05E9 /* Base */,
			);
			name = LaunchScreen.storyboard;
			sourceTree = "<group>";
		};
/* End PBXVariantGroup section */

/* Begin XCBuildConfiguration section */
		8BED94211CC3A8EA00FA05E9 /* Debug */ = {
			isa = XCBuildConfiguration;
			buildSettings = {
				ALWAYS_SEARCH_USER_PATHS = NO;
				CLANG_ANALYZER_NONNULL = YES;
				CLANG_CXX_LANGUAGE_STANDARD = "gnu++0x";
				CLANG_CXX_LIBRARY = "libc++";
				CLANG_ENABLE_MODULES = YES;
				CLANG_ENABLE_OBJC_ARC = YES;
				CLANG_WARN_BOOL_CONVERSION = YES;
				CLANG_WARN_CONSTANT_CONVERSION = YES;
				CLANG_WARN_DIRECT_OBJC_ISA_USAGE = YES_ERROR;
				CLANG_WARN_EMPTY_BODY = YES;
				CLANG_WARN_ENUM_CONVERSION = YES;
				CLANG_WARN_INT_CONVERSION = YES;
				CLANG_WARN_OBJC_ROOT_CLASS = YES_ERROR;
				CLANG_WARN_UNREACHABLE_CODE = YES;
				CLANG_WARN__DUPLICATE_METHOD_MATCH = YES;
				"CODE_SIGN_IDENTITY[sdk=iphoneos*]" = "iPhone Developer";
				COPY_PHASE_STRIP = NO;
				DEBUG_INFORMATION_FORMAT = dwarf;
				ENABLE_STRICT_OBJC_MSGSEND = YES;
				ENABLE_TESTABILITY = YES;
				GCC_C_LANGUAGE_STANDARD = gnu99;
				GCC_DYNAMIC_NO_PIC = NO;
				GCC_NO_COMMON_BLOCKS = YES;
				GCC_OPTIMIZATION_LEVEL = 0;
				GCC_PREPROCESSOR_DEFINITIONS = (
					"DEBUG=1",
					"$(inherited)",
				);
				GCC_WARN_64_TO_32_BIT_CONVERSION = YES;
				GCC_WARN_ABOUT_RETURN_TYPE = YES_ERROR;
				GCC_WARN_UNDECLARED_SELECTOR = YES;
				GCC_WARN_UNINITIALIZED_AUTOS = YES_AGGRESSIVE;
				GCC_WARN_UNUSED_FUNCTION = YES;
				GCC_WARN_UNUSED_VARIABLE = YES;
				IPHONEOS_DEPLOYMENT_TARGET = 9.3;
				MTL_ENABLE_DEBUG_INFO = YES;
				ONLY_ACTIVE_ARCH = YES;
				SDKROOT = iphoneos;
				SWIFT_OPTIMIZATION_LEVEL = "-Onone";
			};
			name = Debug;
		};
		8BED94221CC3A8EA00FA05E9 /* Release */ = {
			isa = XCBuildConfiguration;
			buildSettings = {
				ALWAYS_SEARCH_USER_PATHS = NO;
				CLANG_ANALYZER_NONNULL = YES;
				CLANG_CXX_LANGUAGE_STANDARD = "gnu++0x";
				CLANG_CXX_LIBRARY = "libc++";
				CLANG_ENABLE_MODULES = YES;
				CLANG_ENABLE_OBJC_ARC = YES;
				CLANG_WARN_BOOL_CONVERSION = YES;
				CLANG_WARN_CONSTANT_CONVERSION = YES;
				CLANG_WARN_DIRECT_OBJC_ISA_USAGE = YES_ERROR;
				CLANG_WARN_EMPTY_BODY = YES;
				CLANG_WARN_ENUM_CONVERSION = YES;
				CLANG_WARN_INT_CONVERSION = YES;
				CLANG_WARN_OBJC_ROOT_CLASS = YES_ERROR;
				CLANG_WARN_UNREACHABLE_CODE = YES;
				CLANG_WARN__DUPLICATE_METHOD_MATCH = YES;
				"CODE_SIGN_IDENTITY[sdk=iphoneos*]" = "iPhone Developer";
				COPY_PHASE_STRIP = NO;
				DEBUG_INFORMATION_FORMAT = "dwarf-with-dsym";
				ENABLE_NS_ASSERTIONS = NO;
				ENABLE_STRICT_OBJC_MSGSEND = YES;
				GCC_C_LANGUAGE_STANDARD = gnu99;
				GCC_NO_COMMON_BLOCKS = YES;
				GCC_WARN_64_TO_32_BIT_CONVERSION = YES;
				GCC_WARN_ABOUT_RETURN_TYPE = YES_ERROR;
				GCC_WARN_UNDECLARED_SELECTOR = YES;
				GCC_WARN_UNINITIALIZED_AUTOS = YES_AGGRESSIVE;
				GCC_WARN_UNUSED_FUNCTION = YES;
				GCC_WARN_UNUSED_VARIABLE = YES;
				IPHONEOS_DEPLOYMENT_TARGET = 9.3;
				MTL_ENABLE_DEBUG_INFO = NO;
				SDKROOT = iphoneos;
				VALIDATE_PRODUCT = YES;
			};
			name = Release;
		};
		8BED94241CC3A8EA00FA05E9 /* Debug */ = {
			isa = XCBuildConfiguration;
			buildSettings = {
				ASSETCATALOG_COMPILER_APPICON_NAME = AppIcon;
				INFOPLIST_FILE = SampleHealthKitApp/Info.plist;
				LD_RUNPATH_SEARCH_PATHS = "$(inherited) @executable_path/Frameworks";
				PRODUCT_BUNDLE_IDENTIFIER = org.seino.SampleHealthKitApp;
				PRODUCT_NAME = "$(TARGET_NAME)";
			};
			name = Debug;
		};
		8BED94251CC3A8EA00FA05E9 /* Release */ = {
			isa = XCBuildConfiguration;
			buildSettings = {
				ASSETCATALOG_COMPILER_APPICON_NAME = AppIcon;
				INFOPLIST_FILE = SampleHealthKitApp/Info.plist;
				LD_RUNPATH_SEARCH_PATHS = "$(inherited) @executable_path/Frameworks";
				PRODUCT_BUNDLE_IDENTIFIER = org.seino.SampleHealthKitApp;
				PRODUCT_NAME = "$(TARGET_NAME)";
			};
			name = Release;
		};
		8BED94271CC3A8EA00FA05E9 /* Debug */ = {
			isa = XCBuildConfiguration;
			buildSettings = {
				BUNDLE_LOADER = "$(TEST_HOST)";
				INFOPLIST_FILE = SampleHealthKitAppTests/Info.plist;
				LD_RUNPATH_SEARCH_PATHS = "$(inherited) @executable_path/Frameworks @loader_path/Frameworks";
				PRODUCT_BUNDLE_IDENTIFIER = org.seino.SampleHealthKitAppTests;
				PRODUCT_NAME = "$(TARGET_NAME)";
				TEST_HOST = "$(BUILT_PRODUCTS_DIR)/SampleHealthKitApp.app/SampleHealthKitApp";
			};
			name = Debug;
		};
		8BED94281CC3A8EA00FA05E9 /* Release */ = {
			isa = XCBuildConfiguration;
			buildSettings = {
				BUNDLE_LOADER = "$(TEST_HOST)";
				INFOPLIST_FILE = SampleHealthKitAppTests/Info.plist;
				LD_RUNPATH_SEARCH_PATHS = "$(inherited) @executable_path/Frameworks @loader_path/Frameworks";
				PRODUCT_BUNDLE_IDENTIFIER = org.seino.SampleHealthKitAppTests;
				PRODUCT_NAME = "$(TARGET_NAME)";
				TEST_HOST = "$(BUILT_PRODUCTS_DIR)/SampleHealthKitApp.app/SampleHealthKitApp";
			};
			name = Release;
		};
		8BED942A1CC3A8EA00FA05E9 /* Debug */ = {
			isa = XCBuildConfiguration;
			buildSettings = {
				INFOPLIST_FILE = SampleHealthKitAppUITests/Info.plist;
				LD_RUNPATH_SEARCH_PATHS = "$(inherited) @executable_path/Frameworks @loader_path/Frameworks";
				PRODUCT_BUNDLE_IDENTIFIER = org.seino.SampleHealthKitAppUITests;
				PRODUCT_NAME = "$(TARGET_NAME)";
				TEST_TARGET_NAME = SampleHealthKitApp;
			};
			name = Debug;
		};
		8BED942B1CC3A8EA00FA05E9 /* Release */ = {
			isa = XCBuildConfiguration;
			buildSettings = {
				INFOPLIST_FILE = SampleHealthKitAppUITests/Info.plist;
				LD_RUNPATH_SEARCH_PATHS = "$(inherited) @executable_path/Frameworks @loader_path/Frameworks";
				PRODUCT_BUNDLE_IDENTIFIER = org.seino.SampleHealthKitAppUITests;
				PRODUCT_NAME = "$(TARGET_NAME)";
				TEST_TARGET_NAME = SampleHealthKitApp;
			};
			name = Release;
		};
/* End XCBuildConfiguration section */

/* Begin XCConfigurationList section */
		8BED93F61CC3A8E900FA05E9 /* Build configuration list for PBXProject "SampleHealthKitApp" */ = {
			isa = XCConfigurationList;
			buildConfigurations = (
				8BED94211CC3A8EA00FA05E9 /* Debug */,
				8BED94221CC3A8EA00FA05E9 /* Release */,
			);
			defaultConfigurationIsVisible = 0;
			defaultConfigurationName = Release;
		};
		8BED94231CC3A8EA00FA05E9 /* Build configuration list for PBXNativeTarget "SampleHealthKitApp" */ = {
			isa = XCConfigurationList;
			buildConfigurations = (
				8BED94241CC3A8EA00FA05E9 /* Debug */,
				8BED94251CC3A8EA00FA05E9 /* Release */,
			);
			defaultConfigurationIsVisible = 0;
		};
		8BED94261CC3A8EA00FA05E9 /* Build configuration list for PBXNativeTarget "SampleHealthKitAppTests" */ = {
			isa = XCConfigurationList;
			buildConfigurations = (
				8BED94271CC3A8EA00FA05E9 /* Debug */,
				8BED94281CC3A8EA00FA05E9 /* Release */,
			);
			defaultConfigurationIsVisible = 0;
		};
		8BED94291CC3A8EA00FA05E9 /* Build configuration list for PBXNativeTarget "SampleHealthKitAppUITests" */ = {
			isa = XCConfigurationList;
			buildConfigurations = (
				8BED942A1CC3A8EA00FA05E9 /* Debug */,
				8BED942B1CC3A8EA00FA05E9 /* Release */,
			);
			defaultConfigurationIsVisible = 0;
		};
/* End XCConfigurationList section */
	};
	rootObject = 8BED93F31CC3A8E900FA05E9 /* Project object */;
}
